// !$*UTF8*$!
{
	archiveVersion = 1;
	classes = {
	};
	objectVersion = 46;
	objects = {

/* Begin PBXBuildFile section */
		870411B8173D70C100FA70FE /* UIKit.framework in Frameworks */ = {isa = PBXBuildFile; fileRef = 870411B7173D70C100FA70FE /* UIKit.framework */; };
		870411BA173D70C100FA70FE /* Foundation.framework in Frameworks */ = {isa = PBXBuildFile; fileRef = 870411B9173D70C100FA70FE /* Foundation.framework */; };
		870411BC173D70C100FA70FE /* CoreGraphics.framework in Frameworks */ = {isa = PBXBuildFile; fileRef = 870411BB173D70C100FA70FE /* CoreGraphics.framework */; };
		870411C2173D70C100FA70FE /* InfoPlist.strings in Resources */ = {isa = PBXBuildFile; fileRef = 870411C0173D70C100FA70FE /* InfoPlist.strings */; };
		870411C4173D70C100FA70FE /* main.m in Sources */ = {isa = PBXBuildFile; fileRef = 870411C3173D70C100FA70FE /* main.m */; };
		870411C8173D70C100FA70FE /* MTAppDelegate.m in Sources */ = {isa = PBXBuildFile; fileRef = 870411C7173D70C100FA70FE /* MTAppDelegate.m */; };
		870411CA173D70C100FA70FE /* Default.png in Resources */ = {isa = PBXBuildFile; fileRef = 870411C9173D70C100FA70FE /* Default.png */; };
		870411CC173D70C100FA70FE /* Default@2x.png in Resources */ = {isa = PBXBuildFile; fileRef = 870411CB173D70C100FA70FE /* Default@2x.png */; };
		870411CE173D70C100FA70FE /* Default-568h@2x.png in Resources */ = {isa = PBXBuildFile; fileRef = 870411CD173D70C100FA70FE /* Default-568h@2x.png */; };
		870411D1173D70C100FA70FE /* MainStoryboard.storyboard in Resources */ = {isa = PBXBuildFile; fileRef = 870411CF173D70C100FA70FE /* MainStoryboard.storyboard */; };
		870411D4173D70C100FA70FE /* MTViewController.m in Sources */ = {isa = PBXBuildFile; fileRef = 870411D3173D70C100FA70FE /* MTViewController.m */; };
		870411DE173D734C00FA70FE /* test.jpg in Resources */ = {isa = PBXBuildFile; fileRef = 870411DD173D734C00FA70FE /* test.jpg */; };
		874669DF1774A8B8003961F6 /* MTZoomScrollView.m in Sources */ = {isa = PBXBuildFile; fileRef = 874669DE1774A8B8003961F6 /* MTZoomScrollView.m */; };
		874669E21774AC31003961F6 /* MTImageZoomScrollView.m in Sources */ = {isa = PBXBuildFile; fileRef = 874669E11774AC31003961F6 /* MTImageZoomScrollView.m */; };
/* End PBXBuildFile section */

/* Begin PBXFileReference section */
		870411B4173D70C100FA70FE /* MTPhotoScrollView.app */ = {isa = PBXFileReference; explicitFileType = wrapper.application; includeInIndex = 0; path = MTPhotoScrollView.app; sourceTree = BUILT_PRODUCTS_DIR; };
		870411B7173D70C100FA70FE /* UIKit.framework */ = {isa = PBXFileReference; lastKnownFileType = wrapper.framework; name = UIKit.framework; path = System/Library/Frameworks/UIKit.framework; sourceTree = SDKROOT; };
		870411B9173D70C100FA70FE /* Foundation.framework */ = {isa = PBXFileReference; lastKnownFileType = wrapper.framework; name = Foundation.framework; path = System/Library/Frameworks/Foundation.framework; sourceTree = SDKROOT; };
		870411BB173D70C100FA70FE /* CoreGraphics.framework */ = {isa = PBXFileReference; lastKnownFileType = wrapper.framework; name = CoreGraphics.framework; path = System/Library/Frameworks/CoreGraphics.framework; sourceTree = SDKROOT; };
		870411BF173D70C100FA70FE /* MTPhotoScrollView-Info.plist */ = {isa = PBXFileReference; lastKnownFileType = text.plist.xml; path = "MTPhotoScrollView-Info.plist"; sourceTree = "<group>"; };
		870411C1173D70C100FA70FE /* en */ = {isa = PBXFileReference; lastKnownFileType = text.plist.strings; name = en; path = en.lproj/InfoPlist.strings; sourceTree = "<group>"; };
		870411C3173D70C100FA70FE /* main.m */ = {isa = PBXFileReference; lastKnownFileType = sourcecode.c.objc; path = main.m; sourceTree = "<group>"; };
		870411C5173D70C100FA70FE /* MTPhotoScrollView-Prefix.pch */ = {isa = PBXFileReference; lastKnownFileType = sourcecode.c.h; path = "MTPhotoScrollView-Prefix.pch"; sourceTree = "<group>"; };
		870411C6173D70C100FA70FE /* MTAppDelegate.h */ = {isa = PBXFileReference; lastKnownFileType = sourcecode.c.h; path = MTAppDelegate.h; sourceTree = "<group>"; };
		870411C7173D70C100FA70FE /* MTAppDelegate.m */ = {isa = PBXFileReference; lastKnownFileType = sourcecode.c.objc; path = MTAppDelegate.m; sourceTree = "<group>"; };
		870411C9173D70C100FA70FE /* Default.png */ = {isa = PBXFileReference; lastKnownFileType = image.png; path = Default.png; sourceTree = "<group>"; };
		870411CB173D70C100FA70FE /* Default@2x.png */ = {isa = PBXFileReference; lastKnownFileType = image.png; path = "Default@2x.png"; sourceTree = "<group>"; };
		870411CD173D70C100FA70FE /* Default-568h@2x.png */ = {isa = PBXFileReference; lastKnownFileType = image.png; path = "Default-568h@2x.png"; sourceTree = "<group>"; };
		870411D0173D70C100FA70FE /* en */ = {isa = PBXFileReference; lastKnownFileType = file.storyboard; name = en; path = en.lproj/MainStoryboard.storyboard; sourceTree = "<group>"; };
		870411D2173D70C100FA70FE /* MTViewController.h */ = {isa = PBXFileReference; lastKnownFileType = sourcecode.c.h; path = MTViewController.h; sourceTree = "<group>"; };
		870411D3173D70C100FA70FE /* MTViewController.m */ = {isa = PBXFileReference; lastKnownFileType = sourcecode.c.objc; path = MTViewController.m; sourceTree = "<group>"; };
		870411DD173D734C00FA70FE /* test.jpg */ = {isa = PBXFileReference; lastKnownFileType = image.jpeg; path = test.jpg; sourceTree = "<group>"; };
		874669DD1774A8B8003961F6 /* MTZoomScrollView.h */ = {isa = PBXFileReference; fileEncoding = 4; lastKnownFileType = sourcecode.c.h; path = MTZoomScrollView.h; sourceTree = "<group>"; };
		874669DE1774A8B8003961F6 /* MTZoomScrollView.m */ = {isa = PBXFileReference; fileEncoding = 4; lastKnownFileType = sourcecode.c.objc; path = MTZoomScrollView.m; sourceTree = "<group>"; };
		874669E01774AC31003961F6 /* MTImageZoomScrollView.h */ = {isa = PBXFileReference; fileEncoding = 4; lastKnownFileType = sourcecode.c.h; path = MTImageZoomScrollView.h; sourceTree = "<group>"; };
		874669E11774AC31003961F6 /* MTImageZoomScrollView.m */ = {isa = PBXFileReference; fileEncoding = 4; lastKnownFileType = sourcecode.c.objc; path = MTImageZoomScrollView.m; sourceTree = "<group>"; };
/* End PBXFileReference section */

/* Begin PBXFrameworksBuildPhase section */
		870411B1173D70C100FA70FE /* Frameworks */ = {
			isa = PBXFrameworksBuildPhase;
			buildActionMask = 2147483647;
			files = (
				870411B8173D70C100FA70FE /* UIKit.framework in Frameworks */,
				870411BA173D70C100FA70FE /* Foundation.framework in Frameworks */,
				870411BC173D70C100FA70FE /* CoreGraphics.framework in Frameworks */,
			);
			runOnlyForDeploymentPostprocessing = 0;
		};
/* End PBXFrameworksBuildPhase section */

/* Begin PBXGroup section */
		870411AB173D70C100FA70FE = {
			isa = PBXGroup;
			children = (
				870411BD173D70C100FA70FE /* MTPhotoScrollView */,
				870411B6173D70C100FA70FE /* Frameworks */,
				870411B5173D70C100FA70FE /* Products */,
			);
			sourceTree = "<group>";
		};
		870411B5173D70C100FA70FE /* Products */ = {
			isa = PBXGroup;
			children = (
				870411B4173D70C100FA70FE /* MTPhotoScrollView.app */,
			);
			name = Products;
			sourceTree = "<group>";
		};
		870411B6173D70C100FA70FE /* Frameworks */ = {
			isa = PBXGroup;
			children = (
				870411B7173D70C100FA70FE /* UIKit.framework */,
				870411B9173D70C100FA70FE /* Foundation.framework */,
				870411BB173D70C100FA70FE /* CoreGraphics.framework */,
			);
			name = Frameworks;
			sourceTree = "<group>";
		};
		870411BD173D70C100FA70FE /* MTPhotoScrollView */ = {
			isa = PBXGroup;
			children = (
				874669DC1774A8B8003961F6 /* Classes */,
				870411C6173D70C100FA70FE /* MTAppDelegate.h */,
				870411C7173D70C100FA70FE /* MTAppDelegate.m */,
				870411CF173D70C100FA70FE /* MainStoryboard.storyboard */,
				870411D2173D70C100FA70FE /* MTViewController.h */,
				870411D3173D70C100FA70FE /* MTViewController.m */,
				870411DD173D734C00FA70FE /* test.jpg */,
				870411BE173D70C100FA70FE /* Supporting Files */,
			);
			path = MTPhotoScrollView;
			sourceTree = "<group>";
		};
		870411BE173D70C100FA70FE /* Supporting Files */ = {
			isa = PBXGroup;
			children = (
				870411BF173D70C100FA70FE /* MTPhotoScrollView-Info.plist */,
				870411C0173D70C100FA70FE /* InfoPlist.strings */,
				870411C3173D70C100FA70FE /* main.m */,
				870411C5173D70C100FA70FE /* MTPhotoScrollView-Prefix.pch */,
				870411C9173D70C100FA70FE /* Default.png */,
				870411CB173D70C100FA70FE /* Default@2x.png */,
				870411CD173D70C100FA70FE /* Default-568h@2x.png */,
			);
			name = "Supporting Files";
			sourceTree = "<group>";
		};
		874669DC1774A8B8003961F6 /* Classes */ = {
			isa = PBXGroup;
			children = (
				874669DD1774A8B8003961F6 /* MTZoomScrollView.h */,
				874669DE1774A8B8003961F6 /* MTZoomScrollView.m */,
				874669E01774AC31003961F6 /* MTImageZoomScrollView.h */,
				874669E11774AC31003961F6 /* MTImageZoomScrollView.m */,
			);
			name = Classes;
			path = ../../Classes;
			sourceTree = "<group>";
		};
/* End PBXGroup section */

/* Begin PBXNativeTarget section */
		870411B3173D70C100FA70FE /* MTPhotoScrollView */ = {
			isa = PBXNativeTarget;
			buildConfigurationList = 870411D7173D70C100FA70FE /* Build configuration list for PBXNativeTarget "MTPhotoScrollView" */;
			buildPhases = (
				870411B0173D70C100FA70FE /* Sources */,
				870411B1173D70C100FA70FE /* Frameworks */,
				870411B2173D70C100FA70FE /* Resources */,
			);
			buildRules = (
			);
			dependencies = (
			);
			name = MTPhotoScrollView;
			productName = MTPhotoScrollView;
			productReference = 870411B4173D70C100FA70FE /* MTPhotoScrollView.app */;
			productType = "com.apple.product-type.application";
		};
/* End PBXNativeTarget section */

/* Begin PBXProject section */
		870411AC173D70C100FA70FE /* Project object */ = {
			isa = PBXProject;
			attributes = {
				CLASSPREFIX = MT;
				LastUpgradeCheck = 0460;
				ORGANIZATIONNAME = "WillowTree Apps, Inc.";
			};
			buildConfigurationList = 870411AF173D70C100FA70FE /* Build configuration list for PBXProject "MTPhotoScrollView" */;
			compatibilityVersion = "Xcode 3.2";
			developmentRegion = English;
			hasScannedForEncodings = 0;
			knownRegions = (
				en,
			);
			mainGroup = 870411AB173D70C100FA70FE;
			productRefGroup = 870411B5173D70C100FA70FE /* Products */;
			projectDirPath = "";
			projectRoot = "";
			targets = (
				870411B3173D70C100FA70FE /* MTPhotoScrollView */,
			);
		};
/* End PBXProject section */

/* Begin PBXResourcesBuildPhase section */
		870411B2173D70C100FA70FE /* Resources */ = {
			isa = PBXResourcesBuildPhase;
			buildActionMask = 2147483647;
			files = (
				870411C2173D70C100FA70FE /* InfoPlist.strings in Resources */,
				870411CA173D70C100FA70FE /* Default.png in Resources */,
				870411CC173D70C100FA70FE /* Default@2x.png in Resources */,
				870411CE173D70C100FA70FE /* Default-568h@2x.png in Resources */,
				870411D1173D70C100FA70FE /* MainStoryboard.storyboard in Resources */,
				870411DE173D734C00FA70FE /* test.jpg in Resources */,
			);
			runOnlyForDeploymentPostprocessing = 0;
		};
/* End PBXResourcesBuildPhase section */

/* Begin PBXSourcesBuildPhase section */
		870411B0173D70C100FA70FE /* Sources */ = {
			isa = PBXSourcesBuildPhase;
			buildActionMask = 2147483647;
			files = (
				870411C4173D70C100FA70FE /* main.m in Sources */,
				870411C8173D70C100FA70FE /* MTAppDelegate.m in Sources */,
				870411D4173D70C100FA70FE /* MTViewController.m in Sources */,
				874669DF1774A8B8003961F6 /* MTZoomScrollView.m in Sources */,
				874669E21774AC31003961F6 /* MTImageZoomScrollView.m in Sources */,
			);
			runOnlyForDeploymentPostprocessing = 0;
		};
/* End PBXSourcesBuildPhase section */

/* Begin PBXVariantGroup section */
		870411C0173D70C100FA70FE /* InfoPlist.strings */ = {
			isa = PBXVariantGroup;
			children = (
				870411C1173D70C100FA70FE /* en */,
			);
			name = InfoPlist.strings;
			sourceTree = "<group>";
		};
		870411CF173D70C100FA70FE /* MainStoryboard.storyboard */ = {
			isa = PBXVariantGroup;
			children = (
				870411D0173D70C100FA70FE /* en */,
			);
			name = MainStoryboard.storyboard;
			sourceTree = "<group>";
		};
/* End PBXVariantGroup section */

/* Begin XCBuildConfiguration section */
		870411D5173D70C100FA70FE /* Debug */ = {
			isa = XCBuildConfiguration;
			buildSettings = {
				ALWAYS_SEARCH_USER_PATHS = NO;
				CLANG_CXX_LANGUAGE_STANDARD = "gnu++0x";
				CLANG_CXX_LIBRARY = "libc++";
				CLANG_ENABLE_OBJC_ARC = YES;
				CLANG_WARN_CONSTANT_CONVERSION = YES;
				CLANG_WARN_EMPTY_BODY = YES;
				CLANG_WARN_ENUM_CONVERSION = YES;
				CLANG_WARN_INT_CONVERSION = YES;
				CLANG_WARN__DUPLICATE_METHOD_MATCH = YES;
				"CODE_SIGN_IDENTITY[sdk=iphoneos*]" = "iPhone Developer";
				COPY_PHASE_STRIP = NO;
				GCC_C_LANGUAGE_STANDARD = gnu99;
				GCC_DYNAMIC_NO_PIC = NO;
				GCC_OPTIMIZATION_LEVEL = 0;
				GCC_PREPROCESSOR_DEFINITIONS = (
					"DEBUG=1",
					"$(inherited)",
				);
				GCC_SYMBOLS_PRIVATE_EXTERN = NO;
				GCC_WARN_ABOUT_RETURN_TYPE = YES;
				GCC_WARN_UNINITIALIZED_AUTOS = YES;
				GCC_WARN_UNUSED_VARIABLE = YES;
				IPHONEOS_DEPLOYMENT_TARGET = 6.1;
				ONLY_ACTIVE_ARCH = YES;
				SDKROOT = iphoneos;
			};
			name = Debug;
		};
		870411D6173D70C100FA70FE /* Release */ = {
			isa = XCBuildConfiguration;
			buildSettings = {
				ALWAYS_SEARCH_USER_PATHS = NO;
				CLANG_CXX_LANGUAGE_STANDARD = "gnu++0x";
				CLANG_CXX_LIBRARY = "libc++";
				CLANG_ENABLE_OBJC_ARC = YES;
				CLANG_WARN_CONSTANT_CONVERSION = YES;
				CLANG_WARN_EMPTY_BODY = YES;
				CLANG_WARN_ENUM_CONVERSION = YES;
				CLANG_WARN_INT_CONVERSION = YES;
				CLANG_WARN__DUPLICATE_METHOD_MATCH = YES;
				"CODE_SIGN_IDENTITY[sdk=iphoneos*]" = "iPhone Developer";
				COPY_PHASE_STRIP = YES;
				GCC_C_LANGUAGE_STANDARD = gnu99;
				GCC_WARN_ABOUT_RETURN_TYPE = YES;
				GCC_WARN_UNINITIALIZED_AUTOS = YES;
				GCC_WARN_UNUSED_VARIABLE = YES;
				IPHONEOS_DEPLOYMENT_TARGET = 6.1;
				OTHER_CFLAGS = "-DNS_BLOCK_ASSERTIONS=1";
				SDKROOT = iphoneos;
				VALIDATE_PRODUCT = YES;
			};
			name = Release;
		};
		870411D8173D70C100FA70FE /* Debug */ = {
			isa = XCBuildConfiguration;
			buildSettings = {
				GCC_PRECOMPILE_PREFIX_HEADER = YES;
				GCC_PREFIX_HEADER = "MTPhotoScrollView/MTPhotoScrollView-Prefix.pch";
				INFOPLIST_FILE = "MTPhotoScrollView/MTPhotoScrollView-Info.plist";
				PRODUCT_NAME = "$(TARGET_NAME)";
				WRAPPER_EXTENSION = app;
			};
			name = Debug;
		};
		870411D9173D70C100FA70FE /* Release */ = {
			isa = XCBuildConfiguration;
			buildSettings = {
				GCC_PRECOMPILE_PREFIX_HEADER = YES;
				GCC_PREFIX_HEADER = "MTPhotoScrollView/MTPhotoScrollView-Prefix.pch";
				INFOPLIST_FILE = "MTPhotoScrollView/MTPhotoScrollView-Info.plist";
				PRODUCT_NAME = "$(TARGET_NAME)";
				WRAPPER_EXTENSION = app;
			};
			name = Release;
		};
/* End XCBuildConfiguration section */

/* Begin XCConfigurationList section */
		870411AF173D70C100FA70FE /* Build configuration list for PBXProject "MTPhotoScrollView" */ = {
			isa = XCConfigurationList;
			buildConfigurations = (
				870411D5173D70C100FA70FE /* Debug */,
				870411D6173D70C100FA70FE /* Release */,
			);
			defaultConfigurationIsVisible = 0;
			defaultConfigurationName = Release;
		};
		870411D7173D70C100FA70FE /* Build configuration list for PBXNativeTarget "MTPhotoScrollView" */ = {
			isa = XCConfigurationList;
			buildConfigurations = (
				870411D8173D70C100FA70FE /* Debug */,
				870411D9173D70C100FA70FE /* Release */,
			);
			defaultConfigurationIsVisible = 0;
			defaultConfigurationName = Release;
		};
/* End XCConfigurationList section */
	};
	rootObject = 870411AC173D70C100FA70FE /* Project object */;
}
